PODS:
  - HTMLString (6.0.1)
  - JNetworkingKit (3.0.0)
  - JumboAnalytics (0.1.4):
    - JumboCore
  - JumboCore (0.2.0):
    - JNetworkingKit (~> 3.0.0)
    - Result (~> 5.0.0)
    - RxCocoa (~> 5.1.0)
    - RxSwift (~> 5.1.0)
    - RxSwiftExt (~> 5.2.0)
  - JumboUI (0.2.0):
    - HTMLString (~> 6.0)
    - JumboAnalytics
    - JumboCore
    - Kingfisher (~> 4.10.0)
    - lottie-ios (~> 3.1.0)
    - RxCocoa (~> 5.1.0)
    - RxSwift (~> 5.1.0)
    - SwiftRichString (= 3.0.0)
  - Kingfisher (4.10.1)
  - lottie-ios (3.1.9)
  - Nimble (9.0.0)
  - Quick (2.2.1)
  - Result (5.0.0)
  - RxCocoa (5.1.1):
    - RxRelay (~> 5)
    - RxSwift (~> 5)
  - RxRelay (5.1.1):
    - RxSwift (~> 5)
  - RxSwift (5.1.2)
  - RxSwiftExt (5.2.0):
    - RxSwiftExt/Core (= 5.2.0)
    - RxSwiftExt/RxCocoa (= 5.2.0)
  - RxSwiftExt/Core (5.2.0):
    - RxSwift (~> 5.0)
  - RxSwiftExt/RxCocoa (5.2.0):
    - RxCocoa (~> 5.0)
    - RxSwiftExt/Core
  - Sourcery (1.3.4)
  - SwiftLint (0.43.1)
  - SwiftRichString (3.0.0)

DEPENDENCIES:
  - JumboAnalytics (from `../../JumboAnalytics`)
  - JumboCore (from `../../JumboCore`)
  - JumboUI (from `../../JumboUI`)
  - Nimble (~> 9.0.0)
  - Quick (~> 2.2.0)
  - RxCocoa (~> 5.1.0)
  - RxSwift (~> 5.1.0)
  - RxSwiftExt (~> 5.2.0)
  - Sourcery
  - SwiftLint

SPEC REPOS:
  trunk:
    - HTMLString
    - JNetworkingKit
    - Kingfisher
    - lottie-ios
    - Nimble
    - Quick
    - Result
    - RxCocoa
    - RxRelay
    - RxSwift
    - RxSwiftExt
    - Sourcery
    - SwiftLint
    - SwiftRichString

EXTERNAL SOURCES:
  JumboAnalytics:
    :path: "../../JumboAnalytics"
  JumboCore:
    :path: "../../JumboCore"
  JumboUI:
    :path: "../../JumboUI"

SPEC CHECKSUMS:
  HTMLString: 4abe8cbe94660b328bbe4fc014dabdf0481b16a7
  JNetworkingKit: 7031e10c116d0ded91b4b60dc8871e2785e13481
  JumboAnalytics: 02221445f5cd3ca5c62c8fd42c495962090b837a
  JumboCore: aea3d0b7568ebaa3f23fd88173666f6e07cb4688
  JumboUI: 52f65a360c53e71cde3a34b394c1c9439fc5afcb
  Kingfisher: c148cd7b47ebde9989f6bc7c27dcaa79d81279a0
  lottie-ios: 3a3758ef5a008e762faec9c9d50a39842f26d124
  Nimble: 3b4ec3fd40f1dc178058e0981107721c615643d8
  Quick: f5754d69b7013f5864c29aab9ae6f0c79c5bc200
  Result: ed341d2f236af425b803e690e9bd8fd0a0cb7c5a
  RxCocoa: 32065309a38d29b5b0db858819b5bf9ef038b601
  RxRelay: d77f7d771495f43c556cbc43eebd1bb54d01e8e9
  RxSwift: 1e2e1f9570186967f617e49128ed26ccf1bafc8e
  RxSwiftExt: 4ca80336f43c28f11a2825cdd2fc61dd6c044697
  Sourcery: 1b5b0f816fbed6d0c7c066786fff4074e470e796
  SwiftLint: 99f82d07b837b942dd563c668de129a03fc3fb52
  SwiftRichString: 5cb4860df3dc8e4d9087d7b948b210177342c3da

PODFILE CHECKSUM: 14c684410843ca782219e3b48d8759bb60bbb60c

COCOAPODS: 1.10.1
